<?xml version="1.0" encoding="utf-8"?>
<Project ToolsVersion="4.0" xmlns="http://schemas.microsoft.com/developer/msbuild/2003">
  <ItemGroup>
    <Filter Include="Исходные файлы">
      <UniqueIdentifier>{4FC737F1-C7A5-4376-A066-2A32D752A2FF}</UniqueIdentifier>
      <Extensions>cpp;c;cc;cxx;c++;cppm;ixx;def;odl;idl;hpj;bat;asm;asmx</Extensions>
    </Filter>
    <Filter Include="Файлы заголовков">
      <UniqueIdentifier>{93995380-89BD-4b04-88EB-625FBE52EBFB}</UniqueIdentifier>
      <Extensions>h;hh;hpp;hxx;h++;hm;inl;inc;ipp;xsd</Extensions>
    </Filter>
    <Filter Include="Файлы ресурсов">
      <UniqueIdentifier>{67DA6AB6-F800-4c08-8B7A-83BB121AAD01}</UniqueIdentifier>
      <Extensions>rc;ico;cur;bmp;dlg;rc2;rct;bin;rgs;gif;jpg;jpeg;jpe;resx;tiff;tif;png;wav;mfcribbon-ms</Extensions>
    </Filter>
    <Filter Include="Файлы заголовков\Component">
      <UniqueIdentifier>{98c8331c-d6a1-44e3-b4b1-a9cf7d42ea1d}</UniqueIdentifier>
    </Filter>
    <Filter Include="Файлы заголовков\ImGui">
      <UniqueIdentifier>{8829f607-26a4-4279-a703-b8ff848e7f90}</UniqueIdentifier>
    </Filter>
    <Filter Include="Файлы ресурсов\ImGui">
      <UniqueIdentifier>{97d09e39-ff03-4312-8567-b1fd23f2a4f0}</UniqueIdentifier>
    </Filter>
    <Filter Include="Файлы ресурсов\Source">
      <UniqueIdentifier>{2c232027-ced8-458d-8685-2eb88fbea8d1}</UniqueIdentifier>
    </Filter>
    <Filter Include="Shader">
      <UniqueIdentifier>{2e1b511b-17a6-43c5-a6e4-bcd162569532}</UniqueIdentifier>
    </Filter>
    <Filter Include="Shader\ModelShader">
      <UniqueIdentifier>{d9998d19-89be-4042-a91c-741a2789768e}</UniqueIdentifier>
    </Filter>
    <Filter Include="Shader\SkyBoxShader">
      <UniqueIdentifier>{ddd08187-cbc6-4932-8fbd-3d18ca7ffdb7}</UniqueIdentifier>
    </Filter>
    <Filter Include="Texture">
      <UniqueIdentifier>{938d5bf2-c10a-4e73-9202-e98fc6b8664d}</UniqueIdentifier>
    </Filter>
    <Filter Include="Texture\SkyBox">
      <UniqueIdentifier>{2ba48840-ba4f-4c09-b5cb-de07ce2d1f85}</UniqueIdentifier>
    </Filter>
  </ItemGroup>
  <ItemGroup>
    <ClCompile Include="VBOEngine.cpp">
      <Filter>Исходные файлы</Filter>
    </ClCompile>
    <ClCompile Include="Include\ImGui\imgui.cpp">
      <Filter>Файлы ресурсов\ImGui</Filter>
    </ClCompile>
    <ClCompile Include="Include\glad\glad.c">
      <Filter>Файлы ресурсов</Filter>
    </ClCompile>
    <ClCompile Include="Include\ImGui\imgui_demo.cpp">
      <Filter>Файлы ресурсов\ImGui</Filter>
    </ClCompile>
    <ClCompile Include="Include\ImGui\imgui_draw.cpp">
      <Filter>Файлы ресурсов\ImGui</Filter>
    </ClCompile>
    <ClCompile Include="Include\ImGui\imgui_impl_glfw.cpp">
      <Filter>Файлы ресурсов\ImGui</Filter>
    </ClCompile>
    <ClCompile Include="Include\ImGui\imgui_tables.cpp">
      <Filter>Файлы ресурсов\ImGui</Filter>
    </ClCompile>
    <ClCompile Include="Include\ImGui\imgui_widgets.cpp">
      <Filter>Файлы ресурсов\ImGui</Filter>
    </ClCompile>
    <ClCompile Include="Component\Source\ShaderSource.cpp">
      <Filter>Файлы ресурсов\Source</Filter>
    </ClCompile>
    <ClCompile Include="Component\Source\SkyBoxSource.cpp">
      <Filter>Файлы ресурсов\Source</Filter>
    </ClCompile>
    <ClCompile Include="Component\Source\StbSource.cpp">
      <Filter>Файлы ресурсов\Source</Filter>
    </ClCompile>
    <ClCompile Include="Component\Source\CameraSource.cpp">
      <Filter>Файлы ресурсов\Source</Filter>
    </ClCompile>
    <ClCompile Include="Component\Source\MeshSource.cpp">
      <Filter>Файлы ресурсов\Source</Filter>
    </ClCompile>
    <ClCompile Include="Component\Source\ModelSource.cpp">
      <Filter>Файлы ресурсов\Source</Filter>
    </ClCompile>
    <ClCompile Include="Include\ImGui\imgui_impl_vulkan.cpp">
      <Filter>Файлы ресурсов\Source</Filter>
    </ClCompile>
  </ItemGroup>
  <ItemGroup>
    <ClInclude Include="Include\ImGui\imconfig.h">
      <Filter>Файлы заголовков\ImGui</Filter>
    </ClInclude>
    <ClInclude Include="Include\ImGui\imgui.h">
      <Filter>Файлы заголовков\ImGui</Filter>
    </ClInclude>
    <ClInclude Include="Include\ImGui\imgui_impl_glfw.h">
      <Filter>Файлы заголовков\ImGui</Filter>
    </ClInclude>
    <ClInclude Include="Include\ImGui\imgui_internal.h">
      <Filter>Файлы заголовков\ImGui</Filter>
    </ClInclude>
    <ClInclude Include="Include\ImGui\imstb_rectpack.h">
      <Filter>Файлы заголовков\ImGui</Filter>
    </ClInclude>
    <ClInclude Include="Include\ImGui\imstb_textedit.h">
      <Filter>Файлы заголовков\ImGui</Filter>
    </ClInclude>
    <ClInclude Include="Include\ImGui\imstb_truetype.h">
      <Filter>Файлы заголовков\ImGui</Filter>
    </ClInclude>
    <ClInclude Include="Component\MeshComponent.h">
      <Filter>Файлы заголовков\Component</Filter>
    </ClInclude>
    <ClInclude Include="Component\ModelComponent.h">
      <Filter>Файлы заголовков\Component</Filter>
    </ClInclude>
    <ClInclude Include="Component\ShaderComponent.h">
      <Filter>Файлы заголовков\Component</Filter>
    </ClInclude>
    <ClInclude Include="Component\SkyBoxComponent.h">
      <Filter>Файлы заголовков\Component</Filter>
    </ClInclude>
    <ClInclude Include="Component\CameraComponent.h">
      <Filter>Файлы заголовков\Component</Filter>
    </ClInclude>
    <ClInclude Include="Include\ImGui\imgui_impl_vulkan.h">
      <Filter>Файлы заголовков\ImGui</Filter>
    </ClInclude>
  </ItemGroup>
  <ItemGroup>
    <None Include="Shader\ModelShader\FragShader.glsl">
      <Filter>Shader\ModelShader</Filter>
    </None>
    <None Include="Shader\ModelShader\VertShader.glsl">
      <Filter>Shader\ModelShader</Filter>
    </None>
    <None Include="Shader\SkyBoxShader\SkyFragShader.glsl">
      <Filter>Shader\SkyBoxShader</Filter>
    </None>
    <None Include="Shader\SkyBoxShader\SkyVertShader.glsl">
      <Filter>Shader\SkyBoxShader</Filter>
    </None>
  </ItemGroup>
  <ItemGroup>
    <Image Include="Texture\SkyBox\Sky.jpg">
      <Filter>Texture\SkyBox</Filter>
    </Image>
  </ItemGroup>
</Project>